
Microsoft Visual Studio Solution File, Format Version 12.00
# Visual Studio Version 17
VisualStudioVersion = 17.7.34202.233
MinimumVisualStudioVersion = 10.0.40219.1
Project("{9A19103F-16F7-4668-BE54-9A1E7A4F7556}") = "ReceptionBook", "ReceptionBook\ReceptionBook.csproj", "{576B7221-ED4A-4377-85DF-99252544482A}"
EndProject
Project("{E53339B2-1760-4266-BCC7-CA923CBCF16C}") = "docker-compose", "docker-compose.dcproj", "{AEF45090-74CC-410F-AF2F-2737DE6C840C}"
EndProject
Project("{9A19103F-16F7-4668-BE54-9A1E7A4F7556}") = "Contracts", "Contracts\Contracts.csproj", "{A3C47105-F73D-4B5C-95B4-7C7FC78DCBEC}"
EndProject
Project("{9A19103F-16F7-4668-BE54-9A1E7A4F7556}") = "LoggerService", "LoggerService\LoggerService.csproj", "{20A089C7-E7BC-464E-8BC7-E82096D345CC}"
EndProject
Project("{9A19103F-16F7-4668-BE54-9A1E7A4F7556}") = "Entities", "Entities\Entities.csproj", "{9A6A2C1C-ED49-4C72-B0C8-30E06D777A79}"
EndProject
Project("{9A19103F-16F7-4668-BE54-9A1E7A4F7556}") = "Repository", "Repository\Repository.csproj", "{4AA6FA95-4525-4993-98E7-FFB95FDDF187}"
EndProject
Project("{9A19103F-16F7-4668-BE54-9A1E7A4F7556}") = "Service.Contracts", "Service.Contracts\Service.Contracts.csproj", "{6BCCA978-1F79-42EB-8D64-FCE7EC66C72B}"
EndProject
Project("{9A19103F-16F7-4668-BE54-9A1E7A4F7556}") = "Service", "Service\Service.csproj", "{24D9AEF2-BF4D-49F3-83E2-975651A62DA3}"
EndProject
Project("{9A19103F-16F7-4668-BE54-9A1E7A4F7556}") = "ReceptionBook.Presentation", "ReceptionBook.Presentation\ReceptionBook.Presentation.csproj", "{6B600A28-22E5-4595-8D71-301551CA359D}"
EndProject
Project("{9A19103F-16F7-4668-BE54-9A1E7A4F7556}") = "Shared", "Shared\Shared.csproj", "{B8FEF864-1C52-429B-92A1-A0C6D6B715E9}"
EndProject
Project("{9A19103F-16F7-4668-BE54-9A1E7A4F7556}") = "EmailService", "EmailService\EmailService.csproj", "{B8F95E05-E181-4434-958A-9CBD2642188C}"
EndProject
Global
	GlobalSection(SolutionConfigurationPlatforms) = preSolution
		Debug|Any CPU = Debug|Any CPU
		Release|Any CPU = Release|Any CPU
	EndGlobalSection
	GlobalSection(ProjectConfigurationPlatforms) = postSolution
		{576B7221-ED4A-4377-85DF-99252544482A}.Debug|Any CPU.ActiveCfg = Debug|Any CPU
		{576B7221-ED4A-4377-85DF-99252544482A}.Debug|Any CPU.Build.0 = Debug|Any CPU
		{576B7221-ED4A-4377-85DF-99252544482A}.Release|Any CPU.ActiveCfg = Release|Any CPU
		{576B7221-ED4A-4377-85DF-99252544482A}.Release|Any CPU.Build.0 = Release|Any CPU
		{AEF45090-74CC-410F-AF2F-2737DE6C840C}.Debug|Any CPU.ActiveCfg = Debug|Any CPU
		{AEF45090-74CC-410F-AF2F-2737DE6C840C}.Debug|Any CPU.Build.0 = Debug|Any CPU
		{AEF45090-74CC-410F-AF2F-2737DE6C840C}.Release|Any CPU.ActiveCfg = Release|Any CPU
		{AEF45090-74CC-410F-AF2F-2737DE6C840C}.Release|Any CPU.Build.0 = Release|Any CPU
		{A3C47105-F73D-4B5C-95B4-7C7FC78DCBEC}.Debug|Any CPU.ActiveCfg = Debug|Any CPU
		{A3C47105-F73D-4B5C-95B4-7C7FC78DCBEC}.Debug|Any CPU.Build.0 = Debug|Any CPU
		{A3C47105-F73D-4B5C-95B4-7C7FC78DCBEC}.Release|Any CPU.ActiveCfg = Release|Any CPU
		{A3C47105-F73D-4B5C-95B4-7C7FC78DCBEC}.Release|Any CPU.Build.0 = Release|Any CPU
		{20A089C7-E7BC-464E-8BC7-E82096D345CC}.Debug|Any CPU.ActiveCfg = Debug|Any CPU
		{20A089C7-E7BC-464E-8BC7-E82096D345CC}.Debug|Any CPU.Build.0 = Debug|Any CPU
		{20A089C7-E7BC-464E-8BC7-E82096D345CC}.Release|Any CPU.ActiveCfg = Release|Any CPU
		{20A089C7-E7BC-464E-8BC7-E82096D345CC}.Release|Any CPU.Build.0 = Release|Any CPU
		{9A6A2C1C-ED49-4C72-B0C8-30E06D777A79}.Debug|Any CPU.ActiveCfg = Debug|Any CPU
		{9A6A2C1C-ED49-4C72-B0C8-30E06D777A79}.Debug|Any CPU.Build.0 = Debug|Any CPU
		{9A6A2C1C-ED49-4C72-B0C8-30E06D777A79}.Release|Any CPU.ActiveCfg = Release|Any CPU
		{9A6A2C1C-ED49-4C72-B0C8-30E06D777A79}.Release|Any CPU.Build.0 = Release|Any CPU
		{4AA6FA95-4525-4993-98E7-FFB95FDDF187}.Debug|Any CPU.ActiveCfg = Debug|Any CPU
		{4AA6FA95-4525-4993-98E7-FFB95FDDF187}.Debug|Any CPU.Build.0 = Debug|Any CPU
		{4AA6FA95-4525-4993-98E7-FFB95FDDF187}.Release|Any CPU.ActiveCfg = Release|Any CPU
		{4AA6FA95-4525-4993-98E7-FFB95FDDF187}.Release|Any CPU.Build.0 = Release|Any CPU
		{6BCCA978-1F79-42EB-8D64-FCE7EC66C72B}.Debug|Any CPU.ActiveCfg = Debug|Any CPU
		{6BCCA978-1F79-42EB-8D64-FCE7EC66C72B}.Debug|Any CPU.Build.0 = Debug|Any CPU
		{6BCCA978-1F79-42EB-8D64-FCE7EC66C72B}.Release|Any CPU.ActiveCfg = Release|Any CPU
		{6BCCA978-1F79-42EB-8D64-FCE7EC66C72B}.Release|Any CPU.Build.0 = Release|Any CPU
		{24D9AEF2-BF4D-49F3-83E2-975651A62DA3}.Debug|Any CPU.ActiveCfg = Debug|Any CPU
		{24D9AEF2-BF4D-49F3-83E2-975651A62DA3}.Debug|Any CPU.Build.0 = Debug|Any CPU
		{24D9AEF2-BF4D-49F3-83E2-975651A62DA3}.Release|Any CPU.ActiveCfg = Release|Any CPU
		{24D9AEF2-BF4D-49F3-83E2-975651A62DA3}.Release|Any CPU.Build.0 = Release|Any CPU
		{6B600A28-22E5-4595-8D71-301551CA359D}.Debug|Any CPU.ActiveCfg = Debug|Any CPU
		{6B600A28-22E5-4595-8D71-301551CA359D}.Debug|Any CPU.Build.0 = Debug|Any CPU
		{6B600A28-22E5-4595-8D71-301551CA359D}.Release|Any CPU.ActiveCfg = Release|Any CPU
		{6B600A28-22E5-4595-8D71-301551CA359D}.Release|Any CPU.Build.0 = Release|Any CPU
		{B8FEF864-1C52-429B-92A1-A0C6D6B715E9}.Debug|Any CPU.ActiveCfg = Debug|Any CPU
		{B8FEF864-1C52-429B-92A1-A0C6D6B715E9}.Debug|Any CPU.Build.0 = Debug|Any CPU
		{B8FEF864-1C52-429B-92A1-A0C6D6B715E9}.Release|Any CPU.ActiveCfg = Release|Any CPU
		{B8FEF864-1C52-429B-92A1-A0C6D6B715E9}.Release|Any CPU.Build.0 = Release|Any CPU
		{B8F95E05-E181-4434-958A-9CBD2642188C}.Debug|Any CPU.ActiveCfg = Debug|Any CPU
		{B8F95E05-E181-4434-958A-9CBD2642188C}.Debug|Any CPU.Build.0 = Debug|Any CPU
		{B8F95E05-E181-4434-958A-9CBD2642188C}.Release|Any CPU.ActiveCfg = Release|Any CPU
		{B8F95E05-E181-4434-958A-9CBD2642188C}.Release|Any CPU.Build.0 = Release|Any CPU
	EndGlobalSection
	GlobalSection(SolutionProperties) = preSolution
		HideSolutionNode = FALSE
	EndGlobalSection
	GlobalSection(ExtensibilityGlobals) = postSolution
		SolutionGuid = {4260AEDF-370F-42C1-B8D8-2A420991FEF6}
	EndGlobalSection
EndGlobal
